
Microsoft Visual Studio Solution File, Format Version 12.00
# Visual Studio Version 17
VisualStudioVersion = 17.13.35818.85 d17.13
MinimumVisualStudioVersion = 10.0.40219.1
Project("{FAE04EC0-301F-11D3-BF4B-00C04F79EFBC}") = "LOGINv4", "LOGINv4\LOGINv4.csproj", "{BAE107D5-3E3B-45E6-AB66-5F6AAECE1DEA}"
EndProject
Global
	GlobalSection(SolutionConfigurationPlatforms) = preSolution
		Debug|Any CPU = Debug|Any CPU
		Release|Any CPU = Release|Any CPU
	EndGlobalSection
	GlobalSection(ProjectConfigurationPlatforms) = postSolution
		{BAE107D5-3E3B-45E6-AB66-5F6AAECE1DEA}.Debug|Any CPU.ActiveCfg = Debug|Any CPU
		{BAE107D5-3E3B-45E6-AB66-5F6AAECE1DEA}.Debug|Any CPU.Build.0 = Debug|Any CPU
		{BAE107D5-3E3B-45E6-AB66-5F6AAECE1DEA}.Release|Any CPU.ActiveCfg = Release|Any CPU
		{BAE107D5-3E3B-45E6-AB66-5F6AAECE1DEA}.Release|Any CPU.Build.0 = Release|Any CPU
	EndGlobalSection
	GlobalSection(SolutionProperties) = preSolution
		HideSolutionNode = FALSE
	EndGlobalSection
	GlobalSection(ExtensibilityGlobals) = postSolution
		SolutionGuid = {6DB9FD6F-B895-4096-80FD-2596E3819966}
	EndGlobalSection
EndGlobal
